
Microsoft Visual Studio Solution File, Format Version 12.00
# Visual Studio Version 17
VisualStudioVersion = 17.5.33502.453
MinimumVisualStudioVersion = 10.0.40219.1
Project("{9A19103F-16F7-4668-BE54-9A1E7A4F7556}") = "Api", "Api\Api.csproj", "{22819E54-B19F-49E5-8C0B-370D2CC316E8}"
EndProject
Project("{54A90642-561A-4BB1-A94E-469ADEE60C69}") = "aspcrud-frontend", "aspcrud-frontend\aspcrud-frontend.esproj", "{CF75FE2B-B644-49CD-9E0D-89EFE63A4DCE}"
EndProject
Global
	GlobalSection(SolutionConfigurationPlatforms) = preSolution
		Debug|Any CPU = Debug|Any CPU
		Release|Any CPU = Release|Any CPU
	EndGlobalSection
	GlobalSection(ProjectConfigurationPlatforms) = postSolution
		{22819E54-B19F-49E5-8C0B-370D2CC316E8}.Debug|Any CPU.ActiveCfg = Debug|Any CPU
		{22819E54-B19F-49E5-8C0B-370D2CC316E8}.Debug|Any CPU.Build.0 = Debug|Any CPU
		{22819E54-B19F-49E5-8C0B-370D2CC316E8}.Release|Any CPU.ActiveCfg = Release|Any CPU
		{22819E54-B19F-49E5-8C0B-370D2CC316E8}.Release|Any CPU.Build.0 = Release|Any CPU
		{CF75FE2B-B644-49CD-9E0D-89EFE63A4DCE}.Debug|Any CPU.ActiveCfg = Debug|Any CPU
		{CF75FE2B-B644-49CD-9E0D-89EFE63A4DCE}.Debug|Any CPU.Build.0 = Debug|Any CPU
		{CF75FE2B-B644-49CD-9E0D-89EFE63A4DCE}.Debug|Any CPU.Deploy.0 = Debug|Any CPU
		{CF75FE2B-B644-49CD-9E0D-89EFE63A4DCE}.Release|Any CPU.ActiveCfg = Release|Any CPU
		{CF75FE2B-B644-49CD-9E0D-89EFE63A4DCE}.Release|Any CPU.Build.0 = Release|Any CPU
		{CF75FE2B-B644-49CD-9E0D-89EFE63A4DCE}.Release|Any CPU.Deploy.0 = Release|Any CPU
	EndGlobalSection
	GlobalSection(SolutionProperties) = preSolution
		HideSolutionNode = FALSE
	EndGlobalSection
	GlobalSection(ExtensibilityGlobals) = postSolution
		SolutionGuid = {E358A565-826F-4825-A8E2-17BADDDBFD97}
	EndGlobalSection
EndGlobal
